
Microsoft Visual Studio Solution File, Format Version 12.00
Project("{FAE04EC0-301F-11D3-BF4B-00C04F79EFBC}") = "Demo1", "Demo1\Demo1.csproj", "{218C99FA-0FF1-41D0-9559-7114ABFCB4F3}"
EndProject
Project("{FAE04EC0-301F-11D3-BF4B-00C04F79EFBC}") = "Demo2", "Demo2\Demo2.csproj", "{8688EA14-0619-428C-92D4-9AE8B866D001}"
EndProject
Global
	GlobalSection(SolutionConfigurationPlatforms) = preSolution
		Debug|Any CPU = Debug|Any CPU
		Release|Any CPU = Release|Any CPU
	EndGlobalSection
	GlobalSection(ProjectConfigurationPlatforms) = postSolution
		{218C99FA-0FF1-41D0-9559-7114ABFCB4F3}.Debug|Any CPU.ActiveCfg = Debug|Any CPU
		{218C99FA-0FF1-41D0-9559-7114ABFCB4F3}.Debug|Any CPU.Build.0 = Debug|Any CPU
		{218C99FA-0FF1-41D0-9559-7114ABFCB4F3}.Release|Any CPU.ActiveCfg = Release|Any CPU
		{218C99FA-0FF1-41D0-9559-7114ABFCB4F3}.Release|Any CPU.Build.0 = Release|Any CPU
		{8688EA14-0619-428C-92D4-9AE8B866D001}.Debug|Any CPU.ActiveCfg = Debug|Any CPU
		{8688EA14-0619-428C-92D4-9AE8B866D001}.Debug|Any CPU.Build.0 = Debug|Any CPU
		{8688EA14-0619-428C-92D4-9AE8B866D001}.Release|Any CPU.ActiveCfg = Release|Any CPU
		{8688EA14-0619-428C-92D4-9AE8B866D001}.Release|Any CPU.Build.0 = Release|Any CPU
	EndGlobalSection
EndGlobal
